
Microsoft Visual Studio Solution File, Format Version 12.00
# Visual Studio Version 17
VisualStudioVersion = 17.7.34009.444
MinimumVisualStudioVersion = 10.0.40219.1
Project("{FAE04EC0-301F-11D3-BF4B-00C04F79EFBC}") = "Assignment7", "Assignment7\Assignment7.csproj", "{6A46B66E-EFEF-4717-8BBE-B7A2E83908AA}"
EndProject
Global
	GlobalSection(SolutionConfigurationPlatforms) = preSolution
		Debug|Any CPU = Debug|Any CPU
		Release|Any CPU = Release|Any CPU
	EndGlobalSection
	GlobalSection(ProjectConfigurationPlatforms) = postSolution
		{6A46B66E-EFEF-4717-8BBE-B7A2E83908AA}.Debug|Any CPU.ActiveCfg = Debug|Any CPU
		{6A46B66E-EFEF-4717-8BBE-B7A2E83908AA}.Debug|Any CPU.Build.0 = Debug|Any CPU
		{6A46B66E-EFEF-4717-8BBE-B7A2E83908AA}.Release|Any CPU.ActiveCfg = Release|Any CPU
		{6A46B66E-EFEF-4717-8BBE-B7A2E83908AA}.Release|Any CPU.Build.0 = Release|Any CPU
	EndGlobalSection
	GlobalSection(SolutionProperties) = preSolution
		HideSolutionNode = FALSE
	EndGlobalSection
	GlobalSection(ExtensibilityGlobals) = postSolution
		SolutionGuid = {777EB37B-D43E-4BBF-AEA2-21838403B503}
	EndGlobalSection
EndGlobal
